{
    "name": "tinysvg-js",
    "version": "1.0.0",
    "lockfileVersion": 2,
    "requires": true,
    "packages": {
        "": {
            "name": "tinysvg-js",
            "version": "1.0.0",
            "license": "ISC",
            "dependencies": {
                "lz-string": "^1.4.4",
                "svg-parser": "^2.0.4"
            }
        },
        "node_modules/lz-string": {
            "version": "1.4.4",
            "resolved": "https://registry.npmjs.org/lz-string/-/lz-string-1.4.4.tgz",
            "integrity": "sha1-wNjq82BZ9wV5bh40SBHPTEmNOiY=",
            "bin": {
                "lz-string": "bin/bin.js"
            }
        },
        "node_modules/svg-parser": {
            "version": "2.0.4",
            "resolved": "https://registry.npmjs.org/svg-parser/-/svg-parser-2.0.4.tgz",
            "integrity": "sha512-e4hG1hRwoOdRb37cIMSgzNsxyzKfayW6VOflrwvR+/bzrkyxY/31WkbgnQpgtrNp1SdpJvpUAGTa/ZoiPNDuRQ=="
        }
    },
    "dependencies": {
        "lz-string": {
            "version": "1.4.4",
            "resolved": "https://registry.npmjs.org/lz-string/-/lz-string-1.4.4.tgz",
            "integrity": "sha1-wNjq82BZ9wV5bh40SBHPTEmNOiY="
        },
        "svg-parser": {
            "version": "2.0.4",
            "resolved": "https://registry.npmjs.org/svg-parser/-/svg-parser-2.0.4.tgz",
            "integrity": "sha512-e4hG1hRwoOdRb37cIMSgzNsxyzKfayW6VOflrwvR+/bzrkyxY/31WkbgnQpgtrNp1SdpJvpUAGTa/ZoiPNDuRQ=="
        }
    }
}
